// !$*UTF8*$!
{
	archiveVersion = 1;
	classes = {
	};
	objectVersion = 77;
	objects = {

/* Begin PBXContainerItemProxy section */
		5F6A89302CAA558D00258DE6 /* PBXContainerItemProxy */ = {
			isa = PBXContainerItemProxy;
			containerPortal = 5F6A89172CAA558B00258DE6 /* Project object */;
			proxyType = 1;
			remoteGlobalIDString = 5F6A891E2CAA558B00258DE6;
			remoteInfo = CPUSchedulingApp;
		};
		5F6A893A2CAA558D00258DE6 /* PBXContainerItemProxy */ = {
			isa = PBXContainerItemProxy;
			containerPortal = 5F6A89172CAA558B00258DE6 /* Project object */;
			proxyType = 1;
			remoteGlobalIDString = 5F6A891E2CAA558B00258DE6;
			remoteInfo = CPUSchedulingApp;
		};
/* End PBXContainerItemProxy section */

/* Begin PBXFileReference section */
		5F6A891F2CAA558B00258DE6 /* CPUSchedulingApp.app */ = {isa = PBXFileReference; explicitFileType = wrapper.application; includeInIndex = 0; path = CPUSchedulingApp.app; sourceTree = BUILT_PRODUCTS_DIR; };
		5F6A892F2CAA558D00258DE6 /* CPUSchedulingAppTests.xctest */ = {isa = PBXFileReference; explicitFileType = wrapper.cfbundle; includeInIndex = 0; path = CPUSchedulingAppTests.xctest; sourceTree = BUILT_PRODUCTS_DIR; };
		5F6A89392CAA558D00258DE6 /* CPUSchedulingAppUITests.xctest */ = {isa = PBXFileReference; explicitFileType = wrapper.cfbundle; includeInIndex = 0; path = CPUSchedulingAppUITests.xctest; sourceTree = BUILT_PRODUCTS_DIR; };
/* End PBXFileReference section */

/* Begin PBXFileSystemSynchronizedRootGroup section */
		5F6A89212CAA558B00258DE6 /* CPUSchedulingApp */ = {
			isa = PBXFileSystemSynchronizedRootGroup;
			path = CPUSchedulingApp;
			sourceTree = "<group>";
		};
		5F6A89322CAA558D00258DE6 /* CPUSchedulingAppTests */ = {
			isa = PBXFileSystemSynchronizedRootGroup;
			path = CPUSchedulingAppTests;
			sourceTree = "<group>";
		};
		5F6A893C2CAA558D00258DE6 /* CPUSchedulingAppUITests */ = {
			isa = PBXFileSystemSynchronizedRootGroup;
			path = CPUSchedulingAppUITests;
			sourceTree = "<group>";
		};
		5F6A894C2CAA55A200258DE6 /* Views */ = {
			isa = PBXFileSystemSynchronizedRootGroup;
			path = Views;
			sourceTree = "<group>";
		};
		5F6A894D2CAA55AA00258DE6 /* Models */ = {
			isa = PBXFileSystemSynchronizedRootGroup;
			path = Models;
			sourceTree = "<group>";
		};
		5F6A894E2CAA55B000258DE6 /* Utilities */ = {
			isa = PBXFileSystemSynchronizedRootGroup;
			path = Utilities;
			sourceTree = "<group>";
		};
		5F6A89552CAA55E600258DE6 /* ViewModels */ = {
			isa = PBXFileSystemSynchronizedRootGroup;
			path = ViewModels;
			sourceTree = "<group>";
		};
/* End PBXFileSystemSynchronizedRootGroup section */

/* Begin PBXFrameworksBuildPhase section */
		5F6A891C2CAA558B00258DE6 /* Frameworks */ = {
			isa = PBXFrameworksBuildPhase;
			buildActionMask = 2147483647;
			files = (
			);
			runOnlyForDeploymentPostprocessing = 0;
		};
		5F6A892C2CAA558D00258DE6 /* Frameworks */ = {
			isa = PBXFrameworksBuildPhase;
			buildActionMask = 2147483647;
			files = (
			);
			runOnlyForDeploymentPostprocessing = 0;
		};
		5F6A89362CAA558D00258DE6 /* Frameworks */ = {
			isa = PBXFrameworksBuildPhase;
			buildActionMask = 2147483647;
			files = (
			);
			runOnlyForDeploymentPostprocessing = 0;
		};
/* End PBXFrameworksBuildPhase section */

/* Begin PBXGroup section */
		5F6A89162CAA558B00258DE6 = {
			isa = PBXGroup;
			children = (
				5F6A89552CAA55E600258DE6 /* ViewModels */,
				5F6A894E2CAA55B000258DE6 /* Utilities */,
				5F6A894D2CAA55AA00258DE6 /* Models */,
				5F6A894C2CAA55A200258DE6 /* Views */,
				5F6A89212CAA558B00258DE6 /* CPUSchedulingApp */,
				5F6A89322CAA558D00258DE6 /* CPUSchedulingAppTests */,
				5F6A893C2CAA558D00258DE6 /* CPUSchedulingAppUITests */,
				5F6A89202CAA558B00258DE6 /* Products */,
			);
			sourceTree = "<group>";
		};
		5F6A89202CAA558B00258DE6 /* Products */ = {
			isa = PBXGroup;
			children = (
				5F6A891F2CAA558B00258DE6 /* CPUSchedulingApp.app */,
				5F6A892F2CAA558D00258DE6 /* CPUSchedulingAppTests.xctest */,
				5F6A89392CAA558D00258DE6 /* CPUSchedulingAppUITests.xctest */,
			);
			name = Products;
			sourceTree = "<group>";
		};
/* End PBXGroup section */

/* Begin PBXNativeTarget section */
		5F6A891E2CAA558B00258DE6 /* CPUSchedulingApp */ = {
			isa = PBXNativeTarget;
			buildConfigurationList = 5F6A89432CAA558D00258DE6 /* Build configuration list for PBXNativeTarget "CPUSchedulingApp" */;
			buildPhases = (
				5F6A891B2CAA558B00258DE6 /* Sources */,
				5F6A891C2CAA558B00258DE6 /* Frameworks */,
				5F6A891D2CAA558B00258DE6 /* Resources */,
			);
			buildRules = (
			);
			dependencies = (
			);
			fileSystemSynchronizedGroups = (
				5F6A89212CAA558B00258DE6 /* CPUSchedulingApp */,
				5F6A894C2CAA55A200258DE6 /* Views */,
				5F6A894D2CAA55AA00258DE6 /* Models */,
				5F6A894E2CAA55B000258DE6 /* Utilities */,
				5F6A89552CAA55E600258DE6 /* ViewModels */,
			);
			name = CPUSchedulingApp;
			packageProductDependencies = (
			);
			productName = CPUSchedulingApp;
			productReference = 5F6A891F2CAA558B00258DE6 /* CPUSchedulingApp.app */;
			productType = "com.apple.product-type.application";
		};
		5F6A892E2CAA558D00258DE6 /* CPUSchedulingAppTests */ = {
			isa = PBXNativeTarget;
			buildConfigurationList = 5F6A89462CAA558D00258DE6 /* Build configuration list for PBXNativeTarget "CPUSchedulingAppTests" */;
			buildPhases = (
				5F6A892B2CAA558D00258DE6 /* Sources */,
				5F6A892C2CAA558D00258DE6 /* Frameworks */,
				5F6A892D2CAA558D00258DE6 /* Resources */,
			);
			buildRules = (
			);
			dependencies = (
				5F6A89312CAA558D00258DE6 /* PBXTargetDependency */,
			);
			fileSystemSynchronizedGroups = (
				5F6A89322CAA558D00258DE6 /* CPUSchedulingAppTests */,
			);
			name = CPUSchedulingAppTests;
			packageProductDependencies = (
			);
			productName = CPUSchedulingAppTests;
			productReference = 5F6A892F2CAA558D00258DE6 /* CPUSchedulingAppTests.xctest */;
			productType = "com.apple.product-type.bundle.unit-test";
		};
		5F6A89382CAA558D00258DE6 /* CPUSchedulingAppUITests */ = {
			isa = PBXNativeTarget;
			buildConfigurationList = 5F6A89492CAA558D00258DE6 /* Build configuration list for PBXNativeTarget "CPUSchedulingAppUITests" */;
			buildPhases = (
				5F6A89352CAA558D00258DE6 /* Sources */,
				5F6A89362CAA558D00258DE6 /* Frameworks */,
				5F6A89372CAA558D00258DE6 /* Resources */,
			);
			buildRules = (
			);
			dependencies = (
				5F6A893B2CAA558D00258DE6 /* PBXTargetDependency */,
			);
			fileSystemSynchronizedGroups = (
				5F6A893C2CAA558D00258DE6 /* CPUSchedulingAppUITests */,
			);
			name = CPUSchedulingAppUITests;
			packageProductDependencies = (
			);
			productName = CPUSchedulingAppUITests;
			productReference = 5F6A89392CAA558D00258DE6 /* CPUSchedulingAppUITests.xctest */;
			productType = "com.apple.product-type.bundle.ui-testing";
		};
/* End PBXNativeTarget section */

/* Begin PBXProject section */
		5F6A89172CAA558B00258DE6 /* Project object */ = {
			isa = PBXProject;
			attributes = {
				BuildIndependentTargetsInParallel = 1;
				LastSwiftUpdateCheck = 1600;
				LastUpgradeCheck = 1600;
				TargetAttributes = {
					5F6A891E2CAA558B00258DE6 = {
						CreatedOnToolsVersion = 16.0;
					};
					5F6A892E2CAA558D00258DE6 = {
						CreatedOnToolsVersion = 16.0;
						TestTargetID = 5F6A891E2CAA558B00258DE6;
					};
					5F6A89382CAA558D00258DE6 = {
						CreatedOnToolsVersion = 16.0;
						TestTargetID = 5F6A891E2CAA558B00258DE6;
					};
				};
			};
			buildConfigurationList = 5F6A891A2CAA558B00258DE6 /* Build configuration list for PBXProject "CPUSchedulingApp" */;
			developmentRegion = en;
			hasScannedForEncodings = 0;
			knownRegions = (
				en,
				Base,
			);
			mainGroup = 5F6A89162CAA558B00258DE6;
			minimizedProjectReferenceProxies = 1;
			preferredProjectObjectVersion = 77;
			productRefGroup = 5F6A89202CAA558B00258DE6 /* Products */;
			projectDirPath = "";
			projectRoot = "";
			targets = (
				5F6A891E2CAA558B00258DE6 /* CPUSchedulingApp */,
				5F6A892E2CAA558D00258DE6 /* CPUSchedulingAppTests */,
				5F6A89382CAA558D00258DE6 /* CPUSchedulingAppUITests */,
			);
		};
/* End PBXProject section */

/* Begin PBXResourcesBuildPhase section */
		5F6A891D2CAA558B00258DE6 /* Resources */ = {
			isa = PBXResourcesBuildPhase;
			buildActionMask = 2147483647;
			files = (
			);
			runOnlyForDeploymentPostprocessing = 0;
		};
		5F6A892D2CAA558D00258DE6 /* Resources */ = {
			isa = PBXResourcesBuildPhase;
			buildActionMask = 2147483647;
			files = (
			);
			runOnlyForDeploymentPostprocessing = 0;
		};
		5F6A89372CAA558D00258DE6 /* Resources */ = {
			isa = PBXResourcesBuildPhase;
			buildActionMask = 2147483647;
			files = (
			);
			runOnlyForDeploymentPostprocessing = 0;
		};
/* End PBXResourcesBuildPhase section */

/* Begin PBXSourcesBuildPhase section */
		5F6A891B2CAA558B00258DE6 /* Sources */ = {
			isa = PBXSourcesBuildPhase;
			buildActionMask = 2147483647;
			files = (
			);
			runOnlyForDeploymentPostprocessing = 0;
		};
		5F6A892B2CAA558D00258DE6 /* Sources */ = {
			isa = PBXSourcesBuildPhase;
			buildActionMask = 2147483647;
			files = (
			);
			runOnlyForDeploymentPostprocessing = 0;
		};
		5F6A89352CAA558D00258DE6 /* Sources */ = {
			isa = PBXSourcesBuildPhase;
			buildActionMask = 2147483647;
			files = (
			);
			runOnlyForDeploymentPostprocessing = 0;
		};
/* End PBXSourcesBuildPhase section */

/* Begin PBXTargetDependency section */
		5F6A89312CAA558D00258DE6 /* PBXTargetDependency */ = {
			isa = PBXTargetDependency;
			target = 5F6A891E2CAA558B00258DE6 /* CPUSchedulingApp */;
			targetProxy = 5F6A89302CAA558D00258DE6 /* PBXContainerItemProxy */;
		};
		5F6A893B2CAA558D00258DE6 /* PBXTargetDependency */ = {
			isa = PBXTargetDependency;
			target = 5F6A891E2CAA558B00258DE6 /* CPUSchedulingApp */;
			targetProxy = 5F6A893A2CAA558D00258DE6 /* PBXContainerItemProxy */;
		};
/* End PBXTargetDependency section */

/* Begin XCBuildConfiguration section */
		5F6A89412CAA558D00258DE6 /* Debug */ = {
			isa = XCBuildConfiguration;
			buildSettings = {
				ALWAYS_SEARCH_USER_PATHS = NO;
				ASSETCATALOG_COMPILER_GENERATE_SWIFT_ASSET_SYMBOL_EXTENSIONS = YES;
				CLANG_ANALYZER_NONNULL = YES;
				CLANG_ANALYZER_NUMBER_OBJECT_CONVERSION = YES_AGGRESSIVE;
				CLANG_CXX_LANGUAGE_STANDARD = "gnu++20";
				CLANG_ENABLE_MODULES = YES;
				CLANG_ENABLE_OBJC_ARC = YES;
				CLANG_ENABLE_OBJC_WEAK = YES;
				CLANG_WARN_BLOCK_CAPTURE_AUTORELEASING = YES;
				CLANG_WARN_BOOL_CONVERSION = YES;
				CLANG_WARN_COMMA = YES;
				CLANG_WARN_CONSTANT_CONVERSION = YES;
				CLANG_WARN_DEPRECATED_OBJC_IMPLEMENTATIONS = YES;
				CLANG_WARN_DIRECT_OBJC_ISA_USAGE = YES_ERROR;
				CLANG_WARN_DOCUMENTATION_COMMENTS = YES;
				CLANG_WARN_EMPTY_BODY = YES;
				CLANG_WARN_ENUM_CONVERSION = YES;
				CLANG_WARN_INFINITE_RECURSION = YES;
				CLANG_WARN_INT_CONVERSION = YES;
				CLANG_WARN_NON_LITERAL_NULL_CONVERSION = YES;
				CLANG_WARN_OBJC_IMPLICIT_RETAIN_SELF = YES;
				CLANG_WARN_OBJC_LITERAL_CONVERSION = YES;
				CLANG_WARN_OBJC_ROOT_CLASS = YES_ERROR;
				CLANG_WARN_QUOTED_INCLUDE_IN_FRAMEWORK_HEADER = YES;
				CLANG_WARN_RANGE_LOOP_ANALYSIS = YES;
				CLANG_WARN_STRICT_PROTOTYPES = YES;
				CLANG_WARN_SUSPICIOUS_MOVE = YES;
				CLANG_WARN_UNGUARDED_AVAILABILITY = YES_AGGRESSIVE;
				CLANG_WARN_UNREACHABLE_CODE = YES;
				CLANG_WARN__DUPLICATE_METHOD_MATCH = YES;
				COPY_PHASE_STRIP = NO;
				DEBUG_INFORMATION_FORMAT = dwarf;
				ENABLE_STRICT_OBJC_MSGSEND = YES;
				ENABLE_TESTABILITY = YES;
				ENABLE_USER_SCRIPT_SANDBOXING = YES;
				GCC_C_LANGUAGE_STANDARD = gnu17;
				GCC_DYNAMIC_NO_PIC = NO;
				GCC_NO_COMMON_BLOCKS = YES;
				GCC_OPTIMIZATION_LEVEL = 0;
				GCC_PREPROCESSOR_DEFINITIONS = (
					"DEBUG=1",
					"$(inherited)",
				);
				GCC_WARN_64_TO_32_BIT_CONVERSION = YES;
				GCC_WARN_ABOUT_RETURN_TYPE = YES_ERROR;
				GCC_WARN_UNDECLARED_SELECTOR = YES;
				GCC_WARN_UNINITIALIZED_AUTOS = YES_AGGRESSIVE;
				GCC_WARN_UNUSED_FUNCTION = YES;
				GCC_WARN_UNUSED_VARIABLE = YES;
				IPHONEOS_DEPLOYMENT_TARGET = 18.0;
				LOCALIZATION_PREFERS_STRING_CATALOGS = YES;
				MTL_ENABLE_DEBUG_INFO = INCLUDE_SOURCE;
				MTL_FAST_MATH = YES;
				ONLY_ACTIVE_ARCH = YES;
				SDKROOT = iphoneos;
				SWIFT_ACTIVE_COMPILATION_CONDITIONS = "DEBUG $(inherited)";
				SWIFT_OPTIMIZATION_LEVEL = "-Onone";
			};
			name = Debug;
		};
		5F6A89422CAA558D00258DE6 /* Release */ = {
			isa = XCBuildConfiguration;
			buildSettings = {
				ALWAYS_SEARCH_USER_PATHS = NO;
				ASSETCATALOG_COMPILER_GENERATE_SWIFT_ASSET_SYMBOL_EXTENSIONS = YES;
				CLANG_ANALYZER_NONNULL = YES;
				CLANG_ANALYZER_NUMBER_OBJECT_CONVERSION = YES_AGGRESSIVE;
				CLANG_CXX_LANGUAGE_STANDARD = "gnu++20";
				CLANG_ENABLE_MODULES = YES;
				CLANG_ENABLE_OBJC_ARC = YES;
				CLANG_ENABLE_OBJC_WEAK = YES;
				CLANG_WARN_BLOCK_CAPTURE_AUTORELEASING = YES;
				CLANG_WARN_BOOL_CONVERSION = YES;
				CLANG_WARN_COMMA = YES;
				CLANG_WARN_CONSTANT_CONVERSION = YES;
				CLANG_WARN_DEPRECATED_OBJC_IMPLEMENTATIONS = YES;
				CLANG_WARN_DIRECT_OBJC_ISA_USAGE = YES_ERROR;
				CLANG_WARN_DOCUMENTATION_COMMENTS = YES;
				CLANG_WARN_EMPTY_BODY = YES;
				CLANG_WARN_ENUM_CONVERSION = YES;
				CLANG_WARN_INFINITE_RECURSION = YES;
				CLANG_WARN_INT_CONVERSION = YES;
				CLANG_WARN_NON_LITERAL_NULL_CONVERSION = YES;
				CLANG_WARN_OBJC_IMPLICIT_RETAIN_SELF = YES;
				CLANG_WARN_OBJC_LITERAL_CONVERSION = YES;
				CLANG_WARN_OBJC_ROOT_CLASS = YES_ERROR;
				CLANG_WARN_QUOTED_INCLUDE_IN_FRAMEWORK_HEADER = YES;
				CLANG_WARN_RANGE_LOOP_ANALYSIS = YES;
				CLANG_WARN_STRICT_PROTOTYPES = YES;
				CLANG_WARN_SUSPICIOUS_MOVE = YES;
				CLANG_WARN_UNGUARDED_AVAILABILITY = YES_AGGRESSIVE;
				CLANG_WARN_UNREACHABLE_CODE = YES;
				CLANG_WARN__DUPLICATE_METHOD_MATCH = YES;
				COPY_PHASE_STRIP = NO;
				DEBUG_INFORMATION_FORMAT = "dwarf-with-dsym";
				ENABLE_NS_ASSERTIONS = NO;
				ENABLE_STRICT_OBJC_MSGSEND = YES;
				ENABLE_USER_SCRIPT_SANDBOXING = YES;
				GCC_C_LANGUAGE_STANDARD = gnu17;
				GCC_NO_COMMON_BLOCKS = YES;
				GCC_WARN_64_TO_32_BIT_CONVERSION = YES;
				GCC_WARN_ABOUT_RETURN_TYPE = YES_ERROR;
				GCC_WARN_UNDECLARED_SELECTOR = YES;
				GCC_WARN_UNINITIALIZED_AUTOS = YES_AGGRESSIVE;
				GCC_WARN_UNUSED_FUNCTION = YES;
				GCC_WARN_UNUSED_VARIABLE = YES;
				IPHONEOS_DEPLOYMENT_TARGET = 18.0;
				LOCALIZATION_PREFERS_STRING_CATALOGS = YES;
				MTL_ENABLE_DEBUG_INFO = NO;
				MTL_FAST_MATH = YES;
				SDKROOT = iphoneos;
				SWIFT_COMPILATION_MODE = wholemodule;
				VALIDATE_PRODUCT = YES;
			};
			name = Release;
		};
		5F6A89442CAA558D00258DE6 /* Debug */ = {
			isa = XCBuildConfiguration;
			buildSettings = {
				ASSETCATALOG_COMPILER_APPICON_NAME = AppIcon;
				ASSETCATALOG_COMPILER_GLOBAL_ACCENT_COLOR_NAME = AccentColor;
				CODE_SIGN_STYLE = Automatic;
				CURRENT_PROJECT_VERSION = 1;
				DEVELOPMENT_ASSET_PATHS = "\"CPUSchedulingApp/Preview Content\"";
				ENABLE_PREVIEWS = YES;
				GENERATE_INFOPLIST_FILE = YES;
				INFOPLIST_KEY_UIApplicationSceneManifest_Generation = YES;
				INFOPLIST_KEY_UIApplicationSupportsIndirectInputEvents = YES;
				INFOPLIST_KEY_UILaunchScreen_Generation = YES;
				INFOPLIST_KEY_UISupportedInterfaceOrientations_iPad = "UIInterfaceOrientationPortrait UIInterfaceOrientationPortraitUpsideDown UIInterfaceOrientationLandscapeLeft UIInterfaceOrientationLandscapeRight";
				INFOPLIST_KEY_UISupportedInterfaceOrientations_iPhone = "UIInterfaceOrientationPortrait UIInterfaceOrientationLandscapeLeft UIInterfaceOrientationLandscapeRight";
				LD_RUNPATH_SEARCH_PATHS = (
					"$(inherited)",
					"@executable_path/Frameworks",
				);
				MARKETING_VERSION = 1.0;
				PRODUCT_BUNDLE_IDENTIFIER = com.example.CPUSchedulingApp.CPUSchedulingApp;
				PRODUCT_NAME = "$(TARGET_NAME)";
				SWIFT_EMIT_LOC_STRINGS = YES;
				SWIFT_VERSION = 5.0;
				TARGETED_DEVICE_FAMILY = "1,2";
			};
			name = Debug;
		};
		5F6A89452CAA558D00258DE6 /* Release */ = {
			isa = XCBuildConfiguration;
			buildSettings = {
				ASSETCATALOG_COMPILER_APPICON_NAME = AppIcon;
				ASSETCATALOG_COMPILER_GLOBAL_ACCENT_COLOR_NAME = AccentColor;
				CODE_SIGN_STYLE = Automatic;
				CURRENT_PROJECT_VERSION = 1;
				DEVELOPMENT_ASSET_PATHS = "\"CPUSchedulingApp/Preview Content\"";
				ENABLE_PREVIEWS = YES;
				GENERATE_INFOPLIST_FILE = YES;
				INFOPLIST_KEY_UIApplicationSceneManifest_Generation = YES;
				INFOPLIST_KEY_UIApplicationSupportsIndirectInputEvents = YES;
				INFOPLIST_KEY_UILaunchScreen_Generation = YES;
				INFOPLIST_KEY_UISupportedInterfaceOrientations_iPad = "UIInterfaceOrientationPortrait UIInterfaceOrientationPortraitUpsideDown UIInterfaceOrientationLandscapeLeft UIInterfaceOrientationLandscapeRight";
				INFOPLIST_KEY_UISupportedInterfaceOrientations_iPhone = "UIInterfaceOrientationPortrait UIInterfaceOrientationLandscapeLeft UIInterfaceOrientationLandscapeRight";
				LD_RUNPATH_SEARCH_PATHS = (
					"$(inherited)",
					"@executable_path/Frameworks",
				);
				MARKETING_VERSION = 1.0;
				PRODUCT_BUNDLE_IDENTIFIER = com.example.CPUSchedulingApp.CPUSchedulingApp;
				PRODUCT_NAME = "$(TARGET_NAME)";
				SWIFT_EMIT_LOC_STRINGS = YES;
				SWIFT_VERSION = 5.0;
				TARGETED_DEVICE_FAMILY = "1,2";
			};
			name = Release;
		};
		5F6A89472CAA558D00258DE6 /* Debug */ = {
			isa = XCBuildConfiguration;
			buildSettings = {
				BUNDLE_LOADER = "$(TEST_HOST)";
				CODE_SIGN_STYLE = Automatic;
				CURRENT_PROJECT_VERSION = 1;
				GENERATE_INFOPLIST_FILE = YES;
				IPHONEOS_DEPLOYMENT_TARGET = 18.0;
				MARKETING_VERSION = 1.0;
				PRODUCT_BUNDLE_IDENTIFIER = com.example.CPUSchedulingApp.CPUSchedulingAppTests;
				PRODUCT_NAME = "$(TARGET_NAME)";
				SWIFT_EMIT_LOC_STRINGS = NO;
				SWIFT_VERSION = 5.0;
				TARGETED_DEVICE_FAMILY = "1,2";
				TEST_HOST = "$(BUILT_PRODUCTS_DIR)/CPUSchedulingApp.app/$(BUNDLE_EXECUTABLE_FOLDER_PATH)/CPUSchedulingApp";
			};
			name = Debug;
		};
		5F6A89482CAA558D00258DE6 /* Release */ = {
			isa = XCBuildConfiguration;
			buildSettings = {
				BUNDLE_LOADER = "$(TEST_HOST)";
				CODE_SIGN_STYLE = Automatic;
				CURRENT_PROJECT_VERSION = 1;
				GENERATE_INFOPLIST_FILE = YES;
				IPHONEOS_DEPLOYMENT_TARGET = 18.0;
				MARKETING_VERSION = 1.0;
				PRODUCT_BUNDLE_IDENTIFIER = com.example.CPUSchedulingApp.CPUSchedulingAppTests;
				PRODUCT_NAME = "$(TARGET_NAME)";
				SWIFT_EMIT_LOC_STRINGS = NO;
				SWIFT_VERSION = 5.0;
				TARGETED_DEVICE_FAMILY = "1,2";
				TEST_HOST = "$(BUILT_PRODUCTS_DIR)/CPUSchedulingApp.app/$(BUNDLE_EXECUTABLE_FOLDER_PATH)/CPUSchedulingApp";
			};
			name = Release;
		};
		5F6A894A2CAA558D00258DE6 /* Debug */ = {
			isa = XCBuildConfiguration;
			buildSettings = {
				CODE_SIGN_STYLE = Automatic;
				CURRENT_PROJECT_VERSION = 1;
				GENERATE_INFOPLIST_FILE = YES;
				MARKETING_VERSION = 1.0;
				PRODUCT_BUNDLE_IDENTIFIER = com.example.CPUSchedulingApp.CPUSchedulingAppUITests;
				PRODUCT_NAME = "$(TARGET_NAME)";
				SWIFT_EMIT_LOC_STRINGS = NO;
				SWIFT_VERSION = 5.0;
				TARGETED_DEVICE_FAMILY = "1,2";
				TEST_TARGET_NAME = CPUSchedulingApp;
			};
			name = Debug;
		};
		5F6A894B2CAA558D00258DE6 /* Release */ = {
			isa = XCBuildConfiguration;
			buildSettings = {
				CODE_SIGN_STYLE = Automatic;
				CURRENT_PROJECT_VERSION = 1;
				GENERATE_INFOPLIST_FILE = YES;
				MARKETING_VERSION = 1.0;
				PRODUCT_BUNDLE_IDENTIFIER = com.example.CPUSchedulingApp.CPUSchedulingAppUITests;
				PRODUCT_NAME = "$(TARGET_NAME)";
				SWIFT_EMIT_LOC_STRINGS = NO;
				SWIFT_VERSION = 5.0;
				TARGETED_DEVICE_FAMILY = "1,2";
				TEST_TARGET_NAME = CPUSchedulingApp;
			};
			name = Release;
		};
/* End XCBuildConfiguration section */

/* Begin XCConfigurationList section */
		5F6A891A2CAA558B00258DE6 /* Build configuration list for PBXProject "CPUSchedulingApp" */ = {
			isa = XCConfigurationList;
			buildConfigurations = (
				5F6A89412CAA558D00258DE6 /* Debug */,
				5F6A89422CAA558D00258DE6 /* Release */,
			);
			defaultConfigurationIsVisible = 0;
			defaultConfigurationName = Release;
		};
		5F6A89432CAA558D00258DE6 /* Build configuration list for PBXNativeTarget "CPUSchedulingApp" */ = {
			isa = XCConfigurationList;
			buildConfigurations = (
				5F6A89442CAA558D00258DE6 /* Debug */,
				5F6A89452CAA558D00258DE6 /* Release */,
			);
			defaultConfigurationIsVisible = 0;
			defaultConfigurationName = Release;
		};
		5F6A89462CAA558D00258DE6 /* Build configuration list for PBXNativeTarget "CPUSchedulingAppTests" */ = {
			isa = XCConfigurationList;
			buildConfigurations = (
				5F6A89472CAA558D00258DE6 /* Debug */,
				5F6A89482CAA558D00258DE6 /* Release */,
			);
			defaultConfigurationIsVisible = 0;
			defaultConfigurationName = Release;
		};
		5F6A89492CAA558D00258DE6 /* Build configuration list for PBXNativeTarget "CPUSchedulingAppUITests" */ = {
			isa = XCConfigurationList;
			buildConfigurations = (
				5F6A894A2CAA558D00258DE6 /* Debug */,
				5F6A894B2CAA558D00258DE6 /* Release */,
			);
			defaultConfigurationIsVisible = 0;
			defaultConfigurationName = Release;
		};
/* End XCConfigurationList section */
	};
	rootObject = 5F6A89172CAA558B00258DE6 /* Project object */;
}
